
Microsoft Visual Studio Solution File, Format Version 12.00
# Visual Studio Version 17
VisualStudioVersion = 17.6.33815.320
MinimumVisualStudioVersion = 10.0.40219.1
Project("{9A19103F-16F7-4668-BE54-9A1E7A4F7556}") = "CarsApi", "CarsApi\CarsApi.csproj", "{FD92A68E-233C-477B-9917-A83DFDC943D2}"
EndProject
Global
	GlobalSection(SolutionConfigurationPlatforms) = preSolution
		Debug|Any CPU = Debug|Any CPU
		Release|Any CPU = Release|Any CPU
	EndGlobalSection
	GlobalSection(ProjectConfigurationPlatforms) = postSolution
		{FD92A68E-233C-477B-9917-A83DFDC943D2}.Debug|Any CPU.ActiveCfg = Debug|Any CPU
		{FD92A68E-233C-477B-9917-A83DFDC943D2}.Debug|Any CPU.Build.0 = Debug|Any CPU
		{FD92A68E-233C-477B-9917-A83DFDC943D2}.Release|Any CPU.ActiveCfg = Release|Any CPU
		{FD92A68E-233C-477B-9917-A83DFDC943D2}.Release|Any CPU.Build.0 = Release|Any CPU
	EndGlobalSection
	GlobalSection(SolutionProperties) = preSolution
		HideSolutionNode = FALSE
	EndGlobalSection
	GlobalSection(ExtensibilityGlobals) = postSolution
		SolutionGuid = {87D5C6EE-05DF-49C6-9758-15994611CB42}
	EndGlobalSection
EndGlobal
